<Solution>
  <Configurations>
    <Platform Name="x64" />
    <Platform Name="x86" />
  </Configurations>
  <Project Path="exercice1/Project1.vcxproj" Id="56e38908-ab6e-4027-a7c3-9421f9ab2e2f" />
  <Project Path="exercice11/exercice11.vcxproj" Id="e5f74f88-f5ce-40dd-8868-adbca16fc464" />
  <Project Path="exercice12/exercice12.vcxproj" Id="1125efc1-e656-4a0d-a2a1-8e8bdbf9100c" />
  <Project Path="exercice2/exercice2.vcxproj" Id="92d41bb9-2ca5-4086-8742-d953f361dea9" />
  <Project Path="exercice8/exercice8.vcxproj" Id="278a724f-44d3-4cf9-8c70-4ea974297332" />
</Solution>
